
Microsoft Visual Studio Solution File, Format Version 12.00
# Visual Studio Version 17
VisualStudioVersion = 17.4.33213.308
MinimumVisualStudioVersion = 10.0.40219.1
Project("{9A19103F-16F7-4668-BE54-9A1E7A4F7556}") = "Khabari", "Khabari\Khabari.csproj", "{69CA8005-FA8C-48B3-AE79-80698F3CD534}"
EndProject
Project("{2150E333-8FDC-42A3-9474-1A3956D46DE8}") = "NewsManagement", "NewsManagement", "{2A2DC547-A2F4-45BD-92D8-F68ADCD3BBDE}"
EndProject
Project("{2150E333-8FDC-42A3-9474-1A3956D46DE8}") = "NM.Domain", "NM.Domain", "{74B6FE95-9592-4333-BBFE-4129286FEF26}"
EndProject
Project("{2150E333-8FDC-42A3-9474-1A3956D46DE8}") = "NM.Application", "NM.Application", "{E320FF86-A62E-449D-9DF0-94134F399980}"
EndProject
Project("{2150E333-8FDC-42A3-9474-1A3956D46DE8}") = "NM.Infrastructure", "NM.Infrastructure", "{BB7B7ED1-390F-41CF-8C67-652F8C6383FB}"
EndProject
Project("{9A19103F-16F7-4668-BE54-9A1E7A4F7556}") = "NewsManagement.Infrastructure.EFCore", "NewsManagement.Infrastructure.EFCore\NewsManagement.Infrastructure.EFCore.csproj", "{169504F0-924F-4278-9705-93BF3B071766}"
EndProject
Project("{9A19103F-16F7-4668-BE54-9A1E7A4F7556}") = "NewsManagement.Domain", "NewsManagement.Domain\NewsManagement.Domain.csproj", "{316D92C4-5B32-47DC-88C4-267878740760}"
EndProject
Project("{9A19103F-16F7-4668-BE54-9A1E7A4F7556}") = "0_Framework", "0_Framework\0_Framework.csproj", "{86EB6BC2-4BE7-4E2F-B09C-A46B6083D784}"
EndProject
Project("{9A19103F-16F7-4668-BE54-9A1E7A4F7556}") = "NewsManagement.Application", "NewsManagement.Application\NewsManagement.Application.csproj", "{F29020C3-47A8-4B01-A415-69BCBD4F239E}"
EndProject
Project("{9A19103F-16F7-4668-BE54-9A1E7A4F7556}") = "NewsManagement.Application.Contracts", "NewsManagement.Application.Contracts\NewsManagement.Application.Contracts.csproj", "{DDE1AD6F-A005-4437-9A6E-E8D9E126054F}"
EndProject
Project("{9A19103F-16F7-4668-BE54-9A1E7A4F7556}") = "_1_KhabariQuery", "_1_KhabariQuery\_1_KhabariQuery.csproj", "{A1A9582D-E380-4CDC-AF4F-4AFB7292C75D}"
EndProject
Project("{2150E333-8FDC-42A3-9474-1A3956D46DE8}") = "ServicesManagement", "ServicesManagement", "{F9E92E30-D66A-431E-B564-B348BE0F07FA}"
EndProject
Project("{2150E333-8FDC-42A3-9474-1A3956D46DE8}") = "SM.Domain", "SM.Domain", "{3ADB2405-D111-445B-820F-BCBC36F2634A}"
EndProject
Project("{2150E333-8FDC-42A3-9474-1A3956D46DE8}") = "SM.Application", "SM.Application", "{303D9056-F6CC-4DDA-B1CB-ED37066D39FF}"
EndProject
Project("{2150E333-8FDC-42A3-9474-1A3956D46DE8}") = "SM.Infrastructure", "SM.Infrastructure", "{62A28233-5688-48AB-879E-45D548F88791}"
EndProject
Project("{9A19103F-16F7-4668-BE54-9A1E7A4F7556}") = "ServicesManagement.Domain", "ServicesManagement.Domain\ServicesManagement.Domain.csproj", "{BB1D639B-1BE9-4185-B32A-2C00E0521B72}"
EndProject
Project("{9A19103F-16F7-4668-BE54-9A1E7A4F7556}") = "ServicesManagement.Infrastructure", "ServicesManagement.Infrastructure\ServicesManagement.Infrastructure.csproj", "{D37DF91A-B36D-4885-80C1-4C73CE5F0719}"
EndProject
Project("{9A19103F-16F7-4668-BE54-9A1E7A4F7556}") = "ServiceManagement.Application", "ServiceManagement.Application\ServiceManagement.Application.csproj", "{4107639B-2AAA-4BAB-94CD-C8FDEE04BA41}"
EndProject
Project("{9A19103F-16F7-4668-BE54-9A1E7A4F7556}") = "ServiceCategory.Application.Contracts", "ServiceCategory.Application.Contracts\ServiceCategory.Application.Contracts.csproj", "{76B3F0E8-414C-4580-8043-8814BE0ECD5B}"
EndProject
Global
	GlobalSection(SolutionConfigurationPlatforms) = preSolution
		Debug|Any CPU = Debug|Any CPU
		Release|Any CPU = Release|Any CPU
	EndGlobalSection
	GlobalSection(ProjectConfigurationPlatforms) = postSolution
		{69CA8005-FA8C-48B3-AE79-80698F3CD534}.Debug|Any CPU.ActiveCfg = Debug|Any CPU
		{69CA8005-FA8C-48B3-AE79-80698F3CD534}.Debug|Any CPU.Build.0 = Debug|Any CPU
		{69CA8005-FA8C-48B3-AE79-80698F3CD534}.Release|Any CPU.ActiveCfg = Release|Any CPU
		{69CA8005-FA8C-48B3-AE79-80698F3CD534}.Release|Any CPU.Build.0 = Release|Any CPU
		{169504F0-924F-4278-9705-93BF3B071766}.Debug|Any CPU.ActiveCfg = Debug|Any CPU
		{169504F0-924F-4278-9705-93BF3B071766}.Debug|Any CPU.Build.0 = Debug|Any CPU
		{169504F0-924F-4278-9705-93BF3B071766}.Release|Any CPU.ActiveCfg = Release|Any CPU
		{169504F0-924F-4278-9705-93BF3B071766}.Release|Any CPU.Build.0 = Release|Any CPU
		{316D92C4-5B32-47DC-88C4-267878740760}.Debug|Any CPU.ActiveCfg = Debug|Any CPU
		{316D92C4-5B32-47DC-88C4-267878740760}.Debug|Any CPU.Build.0 = Debug|Any CPU
		{316D92C4-5B32-47DC-88C4-267878740760}.Release|Any CPU.ActiveCfg = Release|Any CPU
		{316D92C4-5B32-47DC-88C4-267878740760}.Release|Any CPU.Build.0 = Release|Any CPU
		{86EB6BC2-4BE7-4E2F-B09C-A46B6083D784}.Debug|Any CPU.ActiveCfg = Debug|Any CPU
		{86EB6BC2-4BE7-4E2F-B09C-A46B6083D784}.Debug|Any CPU.Build.0 = Debug|Any CPU
		{86EB6BC2-4BE7-4E2F-B09C-A46B6083D784}.Release|Any CPU.ActiveCfg = Release|Any CPU
		{86EB6BC2-4BE7-4E2F-B09C-A46B6083D784}.Release|Any CPU.Build.0 = Release|Any CPU
		{F29020C3-47A8-4B01-A415-69BCBD4F239E}.Debug|Any CPU.ActiveCfg = Debug|Any CPU
		{F29020C3-47A8-4B01-A415-69BCBD4F239E}.Debug|Any CPU.Build.0 = Debug|Any CPU
		{F29020C3-47A8-4B01-A415-69BCBD4F239E}.Release|Any CPU.ActiveCfg = Release|Any CPU
		{F29020C3-47A8-4B01-A415-69BCBD4F239E}.Release|Any CPU.Build.0 = Release|Any CPU
		{DDE1AD6F-A005-4437-9A6E-E8D9E126054F}.Debug|Any CPU.ActiveCfg = Debug|Any CPU
		{DDE1AD6F-A005-4437-9A6E-E8D9E126054F}.Debug|Any CPU.Build.0 = Debug|Any CPU
		{DDE1AD6F-A005-4437-9A6E-E8D9E126054F}.Release|Any CPU.ActiveCfg = Release|Any CPU
		{DDE1AD6F-A005-4437-9A6E-E8D9E126054F}.Release|Any CPU.Build.0 = Release|Any CPU
		{A1A9582D-E380-4CDC-AF4F-4AFB7292C75D}.Debug|Any CPU.ActiveCfg = Debug|Any CPU
		{A1A9582D-E380-4CDC-AF4F-4AFB7292C75D}.Debug|Any CPU.Build.0 = Debug|Any CPU
		{A1A9582D-E380-4CDC-AF4F-4AFB7292C75D}.Release|Any CPU.ActiveCfg = Release|Any CPU
		{A1A9582D-E380-4CDC-AF4F-4AFB7292C75D}.Release|Any CPU.Build.0 = Release|Any CPU
		{BB1D639B-1BE9-4185-B32A-2C00E0521B72}.Debug|Any CPU.ActiveCfg = Debug|Any CPU
		{BB1D639B-1BE9-4185-B32A-2C00E0521B72}.Debug|Any CPU.Build.0 = Debug|Any CPU
		{BB1D639B-1BE9-4185-B32A-2C00E0521B72}.Release|Any CPU.ActiveCfg = Release|Any CPU
		{BB1D639B-1BE9-4185-B32A-2C00E0521B72}.Release|Any CPU.Build.0 = Release|Any CPU
		{D37DF91A-B36D-4885-80C1-4C73CE5F0719}.Debug|Any CPU.ActiveCfg = Debug|Any CPU
		{D37DF91A-B36D-4885-80C1-4C73CE5F0719}.Debug|Any CPU.Build.0 = Debug|Any CPU
		{D37DF91A-B36D-4885-80C1-4C73CE5F0719}.Release|Any CPU.ActiveCfg = Release|Any CPU
		{D37DF91A-B36D-4885-80C1-4C73CE5F0719}.Release|Any CPU.Build.0 = Release|Any CPU
		{4107639B-2AAA-4BAB-94CD-C8FDEE04BA41}.Debug|Any CPU.ActiveCfg = Debug|Any CPU
		{4107639B-2AAA-4BAB-94CD-C8FDEE04BA41}.Debug|Any CPU.Build.0 = Debug|Any CPU
		{4107639B-2AAA-4BAB-94CD-C8FDEE04BA41}.Release|Any CPU.ActiveCfg = Release|Any CPU
		{4107639B-2AAA-4BAB-94CD-C8FDEE04BA41}.Release|Any CPU.Build.0 = Release|Any CPU
		{76B3F0E8-414C-4580-8043-8814BE0ECD5B}.Debug|Any CPU.ActiveCfg = Debug|Any CPU
		{76B3F0E8-414C-4580-8043-8814BE0ECD5B}.Debug|Any CPU.Build.0 = Debug|Any CPU
		{76B3F0E8-414C-4580-8043-8814BE0ECD5B}.Release|Any CPU.ActiveCfg = Release|Any CPU
		{76B3F0E8-414C-4580-8043-8814BE0ECD5B}.Release|Any CPU.Build.0 = Release|Any CPU
	EndGlobalSection
	GlobalSection(SolutionProperties) = preSolution
		HideSolutionNode = FALSE
	EndGlobalSection
	GlobalSection(NestedProjects) = preSolution
		{74B6FE95-9592-4333-BBFE-4129286FEF26} = {2A2DC547-A2F4-45BD-92D8-F68ADCD3BBDE}
		{E320FF86-A62E-449D-9DF0-94134F399980} = {2A2DC547-A2F4-45BD-92D8-F68ADCD3BBDE}
		{BB7B7ED1-390F-41CF-8C67-652F8C6383FB} = {2A2DC547-A2F4-45BD-92D8-F68ADCD3BBDE}
		{169504F0-924F-4278-9705-93BF3B071766} = {BB7B7ED1-390F-41CF-8C67-652F8C6383FB}
		{316D92C4-5B32-47DC-88C4-267878740760} = {74B6FE95-9592-4333-BBFE-4129286FEF26}
		{F29020C3-47A8-4B01-A415-69BCBD4F239E} = {E320FF86-A62E-449D-9DF0-94134F399980}
		{DDE1AD6F-A005-4437-9A6E-E8D9E126054F} = {E320FF86-A62E-449D-9DF0-94134F399980}
		{3ADB2405-D111-445B-820F-BCBC36F2634A} = {F9E92E30-D66A-431E-B564-B348BE0F07FA}
		{303D9056-F6CC-4DDA-B1CB-ED37066D39FF} = {F9E92E30-D66A-431E-B564-B348BE0F07FA}
		{62A28233-5688-48AB-879E-45D548F88791} = {F9E92E30-D66A-431E-B564-B348BE0F07FA}
		{BB1D639B-1BE9-4185-B32A-2C00E0521B72} = {3ADB2405-D111-445B-820F-BCBC36F2634A}
		{D37DF91A-B36D-4885-80C1-4C73CE5F0719} = {62A28233-5688-48AB-879E-45D548F88791}
		{4107639B-2AAA-4BAB-94CD-C8FDEE04BA41} = {303D9056-F6CC-4DDA-B1CB-ED37066D39FF}
		{76B3F0E8-414C-4580-8043-8814BE0ECD5B} = {303D9056-F6CC-4DDA-B1CB-ED37066D39FF}
	EndGlobalSection
	GlobalSection(ExtensibilityGlobals) = postSolution
		SolutionGuid = {335D4CCC-BF04-4A15-B746-B7AC34727DE3}
	EndGlobalSection
EndGlobal
